// !$*UTF8*$!
{
	archiveVersion = 1;
	classes = {
	};
	objectVersion = 51;
	objects = {

/* Begin PBXBuildFile section */
		058557BB273AAA24004C7B11 /* Assets.xcassets in Resources */ = {isa = PBXBuildFile; fileRef = 058557BA273AAA24004C7B11 /* Assets.xcassets */; };
		058557D9273AAEEB004C7B11 /* Preview Assets.xcassets in Resources */ = {isa = PBXBuildFile; fileRef = 058557D8273AAEEB004C7B11 /* Preview Assets.xcassets */; };
		1B036CA5482112E0FD6F3319 /* Pods_iOS_app.framework in Frameworks */ = {isa = PBXBuildFile; fileRef = 0F4AFC5EB2E53C8091C61BC1 /* Pods_iOS_app.framework */; };
		2152FB042600AC8F00CF470E /* iOSApp.swift in Sources */ = {isa = PBXBuildFile; fileRef = 2152FB032600AC8F00CF470E /* iOSApp.swift */; };
		915484CE27470EC3002FF8F6 /* View+Additions.swift in Sources */ = {isa = PBXBuildFile; fileRef = 915484CD27470EC3002FF8F6 /* View+Additions.swift */; };
		915484D027470EE3002FF8F6 /* ShowsResolver.swift in Sources */ = {isa = PBXBuildFile; fileRef = 915484CF27470EE3002FF8F6 /* ShowsResolver.swift */; };
		915484D227470EF4002FF8F6 /* ShowsProtocols.swift in Sources */ = {isa = PBXBuildFile; fileRef = 915484D127470EF4002FF8F6 /* ShowsProtocols.swift */; };
		915484D527470F11002FF8F6 /* BaseProtocols.swift in Sources */ = {isa = PBXBuildFile; fileRef = 915484D427470F11002FF8F6 /* BaseProtocols.swift */; };
		915484DA27470FDF002FF8F6 /* ShowsListView.swift in Sources */ = {isa = PBXBuildFile; fileRef = 915484D927470FDF002FF8F6 /* ShowsListView.swift */; };
		915484DD2747100F002FF8F6 /* ShowsViewModel.swift in Sources */ = {isa = PBXBuildFile; fileRef = 915484DC2747100F002FF8F6 /* ShowsViewModel.swift */; };
		915484DF274715DA002FF8F6 /* ShowsListContentView.swift in Sources */ = {isa = PBXBuildFile; fileRef = 915484DE274715DA002FF8F6 /* ShowsListContentView.swift */; };
		915484E427471837002FF8F6 /* ShowListItemVo.swift in Sources */ = {isa = PBXBuildFile; fileRef = 915484E327471837002FF8F6 /* ShowListItemVo.swift */; };
		915484E62747199A002FF8F6 /* ShowListItemVoMapper.swift in Sources */ = {isa = PBXBuildFile; fileRef = 915484E52747199A002FF8F6 /* ShowListItemVoMapper.swift */; };
		915484E8274719A8002FF8F6 /* MapperProtocol.swift in Sources */ = {isa = PBXBuildFile; fileRef = 915484E7274719A8002FF8F6 /* MapperProtocol.swift */; };
		915484EB27471DF3002FF8F6 /* ShowsListItemView.swift in Sources */ = {isa = PBXBuildFile; fileRef = 915484EA27471DF3002FF8F6 /* ShowsListItemView.swift */; };
/* End PBXBuildFile section */

/* Begin PBXFileReference section */
		058557BA273AAA24004C7B11 /* Assets.xcassets */ = {isa = PBXFileReference; lastKnownFileType = folder.assetcatalog; path = Assets.xcassets; sourceTree = "<group>"; };
		058557D8273AAEEB004C7B11 /* Preview Assets.xcassets */ = {isa = PBXFileReference; lastKnownFileType = folder.assetcatalog; path = "Preview Assets.xcassets"; sourceTree = "<group>"; };
		0F4AFC5EB2E53C8091C61BC1 /* Pods_iOS_app.framework */ = {isa = PBXFileReference; explicitFileType = wrapper.framework; includeInIndex = 0; path = Pods_iOS_app.framework; sourceTree = BUILT_PRODUCTS_DIR; };
		2152FB032600AC8F00CF470E /* iOSApp.swift */ = {isa = PBXFileReference; lastKnownFileType = sourcecode.swift; path = iOSApp.swift; sourceTree = "<group>"; };
		5948506D71056389E291C658 /* Pods-iOS-app.debug.xcconfig */ = {isa = PBXFileReference; includeInIndex = 1; lastKnownFileType = text.xcconfig; name = "Pods-iOS-app.debug.xcconfig"; path = "Target Support Files/Pods-iOS-app/Pods-iOS-app.debug.xcconfig"; sourceTree = "<group>"; };
		7555FF7B242A565900829871 /* iOS-app.app */ = {isa = PBXFileReference; explicitFileType = wrapper.application; includeInIndex = 0; path = "iOS-app.app"; sourceTree = BUILT_PRODUCTS_DIR; };
		7555FF8C242A565B00829871 /* Info.plist */ = {isa = PBXFileReference; lastKnownFileType = text.plist.xml; path = Info.plist; sourceTree = "<group>"; };
		85301876C294EC7E2B8602E1 /* Pods-iOS-app.release.xcconfig */ = {isa = PBXFileReference; includeInIndex = 1; lastKnownFileType = text.xcconfig; name = "Pods-iOS-app.release.xcconfig"; path = "Target Support Files/Pods-iOS-app/Pods-iOS-app.release.xcconfig"; sourceTree = "<group>"; };
		915484CD27470EC3002FF8F6 /* View+Additions.swift */ = {isa = PBXFileReference; lastKnownFileType = sourcecode.swift; path = "View+Additions.swift"; sourceTree = "<group>"; };
		915484CF27470EE3002FF8F6 /* ShowsResolver.swift */ = {isa = PBXFileReference; lastKnownFileType = sourcecode.swift; path = ShowsResolver.swift; sourceTree = "<group>"; };
		915484D127470EF4002FF8F6 /* ShowsProtocols.swift */ = {isa = PBXFileReference; lastKnownFileType = sourcecode.swift; path = ShowsProtocols.swift; sourceTree = "<group>"; };
		915484D427470F11002FF8F6 /* BaseProtocols.swift */ = {isa = PBXFileReference; lastKnownFileType = sourcecode.swift; path = BaseProtocols.swift; sourceTree = "<group>"; };
		915484D927470FDF002FF8F6 /* ShowsListView.swift */ = {isa = PBXFileReference; lastKnownFileType = sourcecode.swift; path = ShowsListView.swift; sourceTree = "<group>"; };
		915484DC2747100F002FF8F6 /* ShowsViewModel.swift */ = {isa = PBXFileReference; lastKnownFileType = sourcecode.swift; path = ShowsViewModel.swift; sourceTree = "<group>"; };
		915484DE274715DA002FF8F6 /* ShowsListContentView.swift */ = {isa = PBXFileReference; lastKnownFileType = sourcecode.swift; path = ShowsListContentView.swift; sourceTree = "<group>"; };
		915484E327471837002FF8F6 /* ShowListItemVo.swift */ = {isa = PBXFileReference; lastKnownFileType = sourcecode.swift; path = ShowListItemVo.swift; sourceTree = "<group>"; };
		915484E52747199A002FF8F6 /* ShowListItemVoMapper.swift */ = {isa = PBXFileReference; lastKnownFileType = sourcecode.swift; path = ShowListItemVoMapper.swift; sourceTree = "<group>"; };
		915484E7274719A8002FF8F6 /* MapperProtocol.swift */ = {isa = PBXFileReference; lastKnownFileType = sourcecode.swift; path = MapperProtocol.swift; sourceTree = "<group>"; };
		915484EA27471DF3002FF8F6 /* ShowsListItemView.swift */ = {isa = PBXFileReference; lastKnownFileType = sourcecode.swift; path = ShowsListItemView.swift; sourceTree = "<group>"; };
/* End PBXFileReference section */

/* Begin PBXFrameworksBuildPhase section */
		D72BE1376DE204168E152A51 /* Frameworks */ = {
			isa = PBXFrameworksBuildPhase;
			buildActionMask = 2147483647;
			files = (
				1B036CA5482112E0FD6F3319 /* Pods_iOS_app.framework in Frameworks */,
			);
			runOnlyForDeploymentPostprocessing = 0;
		};
/* End PBXFrameworksBuildPhase section */

/* Begin PBXGroup section */
		058557D7273AAEEB004C7B11 /* Preview Content */ = {
			isa = PBXGroup;
			children = (
				058557D8273AAEEB004C7B11 /* Preview Assets.xcassets */,
			);
			path = "Preview Content";
			sourceTree = "<group>";
		};
		1E8A6F88953841F54D1E593E /* Pods */ = {
			isa = PBXGroup;
			children = (
				5948506D71056389E291C658 /* Pods-iOS-app.debug.xcconfig */,
				85301876C294EC7E2B8602E1 /* Pods-iOS-app.release.xcconfig */,
			);
			path = Pods;
			sourceTree = "<group>";
		};
		7555FF72242A565900829871 = {
			isa = PBXGroup;
			children = (
				7555FF7D242A565900829871 /* iOS-app */,
				7555FF7C242A565900829871 /* Products */,
				1E8A6F88953841F54D1E593E /* Pods */,
				D66DEEC32F9B73444C8EA1F6 /* Frameworks */,
			);
			sourceTree = "<group>";
		};
		7555FF7C242A565900829871 /* Products */ = {
			isa = PBXGroup;
			children = (
				7555FF7B242A565900829871 /* iOS-app.app */,
			);
			name = Products;
			sourceTree = "<group>";
		};
		7555FF7D242A565900829871 /* iOS-app */ = {
			isa = PBXGroup;
			children = (
				2152FB032600AC8F00CF470E /* iOSApp.swift */,
				058557D7273AAEEB004C7B11 /* Preview Content */,
				915484C527470D70002FF8F6 /* Scenes */,
				915484C327470723002FF8F6 /* Supporting Files */,
				915484C627470D83002FF8F6 /* Utils */,
			);
			path = "iOS-app";
			sourceTree = "<group>";
		};
		915484C327470723002FF8F6 /* Supporting Files */ = {
			isa = PBXGroup;
			children = (
				058557BA273AAA24004C7B11 /* Assets.xcassets */,
				7555FF8C242A565B00829871 /* Info.plist */,
			);
			path = "Supporting Files";
			sourceTree = "<group>";
		};
		915484C527470D70002FF8F6 /* Scenes */ = {
			isa = PBXGroup;
			children = (
				915484C827470DBD002FF8F6 /* Shows */,
			);
			path = Scenes;
			sourceTree = "<group>";
		};
		915484C627470D83002FF8F6 /* Utils */ = {
			isa = PBXGroup;
			children = (
				915484D327470F04002FF8F6 /* Protocols */,
				915484CC27470EB3002FF8F6 /* Extensions */,
			);
			path = Utils;
			sourceTree = "<group>";
		};
		915484C827470DBD002FF8F6 /* Shows */ = {
			isa = PBXGroup;
			children = (
				915484D127470EF4002FF8F6 /* ShowsProtocols.swift */,
				915484DB27470FF7002FF8F6 /* Presenter */,
				915484D627470FAB002FF8F6 /* View */,
				915484CB27470E7B002FF8F6 /* Wireframe */,
			);
			path = Shows;
			sourceTree = "<group>";
		};
		915484CB27470E7B002FF8F6 /* Wireframe */ = {
			isa = PBXGroup;
			children = (
				915484CF27470EE3002FF8F6 /* ShowsResolver.swift */,
			);
			path = Wireframe;
			sourceTree = "<group>";
		};
		915484CC27470EB3002FF8F6 /* Extensions */ = {
			isa = PBXGroup;
			children = (
				915484CD27470EC3002FF8F6 /* View+Additions.swift */,
			);
			path = Extensions;
			sourceTree = "<group>";
		};
		915484D327470F04002FF8F6 /* Protocols */ = {
			isa = PBXGroup;
			children = (
				915484D427470F11002FF8F6 /* BaseProtocols.swift */,
				915484E7274719A8002FF8F6 /* MapperProtocol.swift */,
			);
			path = Protocols;
			sourceTree = "<group>";
		};
		915484D627470FAB002FF8F6 /* View */ = {
			isa = PBXGroup;
			children = (
				915484E927471DD8002FF8F6 /* Subviews */,
				915484E22747181A002FF8F6 /* ViewObjects */,
				915484D927470FDF002FF8F6 /* ShowsListView.swift */,
			);
			path = View;
			sourceTree = "<group>";
		};
		915484DB27470FF7002FF8F6 /* Presenter */ = {
			isa = PBXGroup;
			children = (
				915484DC2747100F002FF8F6 /* ShowsViewModel.swift */,
			);
			path = Presenter;
			sourceTree = "<group>";
		};
		915484E22747181A002FF8F6 /* ViewObjects */ = {
			isa = PBXGroup;
			children = (
				915484E327471837002FF8F6 /* ShowListItemVo.swift */,
				915484E52747199A002FF8F6 /* ShowListItemVoMapper.swift */,
			);
			path = ViewObjects;
			sourceTree = "<group>";
		};
		915484E927471DD8002FF8F6 /* Subviews */ = {
			isa = PBXGroup;
			children = (
				915484DE274715DA002FF8F6 /* ShowsListContentView.swift */,
				915484EA27471DF3002FF8F6 /* ShowsListItemView.swift */,
			);
			path = Subviews;
			sourceTree = "<group>";
		};
		D66DEEC32F9B73444C8EA1F6 /* Frameworks */ = {
			isa = PBXGroup;
			children = (
				0F4AFC5EB2E53C8091C61BC1 /* Pods_iOS_app.framework */,
			);
			name = Frameworks;
			sourceTree = "<group>";
		};
/* End PBXGroup section */

/* Begin PBXNativeTarget section */
		7555FF7A242A565900829871 /* iOS-app */ = {
			isa = PBXNativeTarget;
			buildConfigurationList = 7555FFA5242A565B00829871 /* Build configuration list for PBXNativeTarget "iOS-app" */;
			buildPhases = (
				0057830D7B366E309AAA1730 /* [CP] Check Pods Manifest.lock */,
				7555FF77242A565900829871 /* Sources */,
				7555FF79242A565900829871 /* Resources */,
				D72BE1376DE204168E152A51 /* Frameworks */,
				5BA80A14698F70B43BA72834 /* [CP] Embed Pods Frameworks */,
			);
			buildRules = (
			);
			dependencies = (
			);
			name = "iOS-app";
			productName = "iOS-app";
			productReference = 7555FF7B242A565900829871 /* iOS-app.app */;
			productType = "com.apple.product-type.application";
		};
/* End PBXNativeTarget section */

/* Begin PBXProject section */
		7555FF73242A565900829871 /* Project object */ = {
			isa = PBXProject;
			attributes = {
				LastSwiftUpdateCheck = 1130;
				LastUpgradeCheck = 1130;
				ORGANIZATIONNAME = orgName;
				TargetAttributes = {
					7555FF7A242A565900829871 = {
						CreatedOnToolsVersion = 11.3.1;
					};
				};
			};
			buildConfigurationList = 7555FF76242A565900829871 /* Build configuration list for PBXProject "iOS-app" */;
			compatibilityVersion = "Xcode 9.3";
			developmentRegion = en;
			hasScannedForEncodings = 0;
			knownRegions = (
				en,
				Base,
			);
			mainGroup = 7555FF72242A565900829871;
			productRefGroup = 7555FF7C242A565900829871 /* Products */;
			projectDirPath = "";
			projectRoot = "";
			targets = (
				7555FF7A242A565900829871 /* iOS-app */,
			);
		};
/* End PBXProject section */

/* Begin PBXResourcesBuildPhase section */
		7555FF79242A565900829871 /* Resources */ = {
			isa = PBXResourcesBuildPhase;
			buildActionMask = 2147483647;
			files = (
				058557D9273AAEEB004C7B11 /* Preview Assets.xcassets in Resources */,
				058557BB273AAA24004C7B11 /* Assets.xcassets in Resources */,
			);
			runOnlyForDeploymentPostprocessing = 0;
		};
/* End PBXResourcesBuildPhase section */

/* Begin PBXShellScriptBuildPhase section */
		0057830D7B366E309AAA1730 /* [CP] Check Pods Manifest.lock */ = {
			isa = PBXShellScriptBuildPhase;
			buildActionMask = 2147483647;
			files = (
			);
			inputFileListPaths = (
			);
			inputPaths = (
				"${PODS_PODFILE_DIR_PATH}/Podfile.lock",
				"${PODS_ROOT}/Manifest.lock",
			);
			name = "[CP] Check Pods Manifest.lock";
			outputFileListPaths = (
			);
			outputPaths = (
				"$(DERIVED_FILE_DIR)/Pods-iOS-app-checkManifestLockResult.txt",
			);
			runOnlyForDeploymentPostprocessing = 0;
			shellPath = /bin/sh;
			shellScript = "diff \"${PODS_PODFILE_DIR_PATH}/Podfile.lock\" \"${PODS_ROOT}/Manifest.lock\" > /dev/null\nif [ $? != 0 ] ; then\n    # print error to STDERR\n    echo \"error: The sandbox is not in sync with the Podfile.lock. Run 'pod install' or update your CocoaPods installation.\" >&2\n    exit 1\nfi\n# This output is used by Xcode 'outputs' to avoid re-running this script phase.\necho \"SUCCESS\" > \"${SCRIPT_OUTPUT_FILE_0}\"\n";
			showEnvVarsInLog = 0;
		};
		5BA80A14698F70B43BA72834 /* [CP] Embed Pods Frameworks */ = {
			isa = PBXShellScriptBuildPhase;
			buildActionMask = 2147483647;
			files = (
			);
			inputFileListPaths = (
				"${PODS_ROOT}/Target Support Files/Pods-iOS-app/Pods-iOS-app-frameworks-${CONFIGURATION}-input-files.xcfilelist",
			);
			name = "[CP] Embed Pods Frameworks";
			outputFileListPaths = (
				"${PODS_ROOT}/Target Support Files/Pods-iOS-app/Pods-iOS-app-frameworks-${CONFIGURATION}-output-files.xcfilelist",
			);
			runOnlyForDeploymentPostprocessing = 0;
			shellPath = /bin/sh;
			shellScript = "\"${PODS_ROOT}/Target Support Files/Pods-iOS-app/Pods-iOS-app-frameworks.sh\"\n";
			showEnvVarsInLog = 0;
		};
/* End PBXShellScriptBuildPhase section */

/* Begin PBXSourcesBuildPhase section */
		7555FF77242A565900829871 /* Sources */ = {
			isa = PBXSourcesBuildPhase;
			buildActionMask = 2147483647;
			files = (
				915484EB27471DF3002FF8F6 /* ShowsListItemView.swift in Sources */,
				915484D027470EE3002FF8F6 /* ShowsResolver.swift in Sources */,
				2152FB042600AC8F00CF470E /* iOSApp.swift in Sources */,
				915484DD2747100F002FF8F6 /* ShowsViewModel.swift in Sources */,
				915484E62747199A002FF8F6 /* ShowListItemVoMapper.swift in Sources */,
				915484E8274719A8002FF8F6 /* MapperProtocol.swift in Sources */,
				915484DF274715DA002FF8F6 /* ShowsListContentView.swift in Sources */,
				915484D527470F11002FF8F6 /* BaseProtocols.swift in Sources */,
				915484D227470EF4002FF8F6 /* ShowsProtocols.swift in Sources */,
				915484CE27470EC3002FF8F6 /* View+Additions.swift in Sources */,
				915484E427471837002FF8F6 /* ShowListItemVo.swift in Sources */,
				915484DA27470FDF002FF8F6 /* ShowsListView.swift in Sources */,
			);
			runOnlyForDeploymentPostprocessing = 0;
		};
/* End PBXSourcesBuildPhase section */

/* Begin XCBuildConfiguration section */
		7555FFA3242A565B00829871 /* Debug */ = {
			isa = XCBuildConfiguration;
			buildSettings = {
				ALWAYS_SEARCH_USER_PATHS = NO;
				CLANG_ANALYZER_NONNULL = YES;
				CLANG_ANALYZER_NUMBER_OBJECT_CONVERSION = YES_AGGRESSIVE;
				CLANG_CXX_LANGUAGE_STANDARD = "gnu++14";
				CLANG_CXX_LIBRARY = "libc++";
				CLANG_ENABLE_MODULES = YES;
				CLANG_ENABLE_OBJC_ARC = YES;
				CLANG_ENABLE_OBJC_WEAK = YES;
				CLANG_WARN_BLOCK_CAPTURE_AUTORELEASING = YES;
				CLANG_WARN_BOOL_CONVERSION = YES;
				CLANG_WARN_COMMA = YES;
				CLANG_WARN_CONSTANT_CONVERSION = YES;
				CLANG_WARN_DEPRECATED_OBJC_IMPLEMENTATIONS = YES;
				CLANG_WARN_DIRECT_OBJC_ISA_USAGE = YES_ERROR;
				CLANG_WARN_DOCUMENTATION_COMMENTS = YES;
				CLANG_WARN_EMPTY_BODY = YES;
				CLANG_WARN_ENUM_CONVERSION = YES;
				CLANG_WARN_INFINITE_RECURSION = YES;
				CLANG_WARN_INT_CONVERSION = YES;
				CLANG_WARN_NON_LITERAL_NULL_CONVERSION = YES;
				CLANG_WARN_OBJC_IMPLICIT_RETAIN_SELF = YES;
				CLANG_WARN_OBJC_LITERAL_CONVERSION = YES;
				CLANG_WARN_OBJC_ROOT_CLASS = YES_ERROR;
				CLANG_WARN_QUOTED_INCLUDE_IN_FRAMEWORK_HEADER = YES;
				CLANG_WARN_RANGE_LOOP_ANALYSIS = YES;
				CLANG_WARN_STRICT_PROTOTYPES = YES;
				CLANG_WARN_SUSPICIOUS_MOVE = YES;
				CLANG_WARN_UNGUARDED_AVAILABILITY = YES_AGGRESSIVE;
				CLANG_WARN_UNREACHABLE_CODE = YES;
				CLANG_WARN__DUPLICATE_METHOD_MATCH = YES;
				COPY_PHASE_STRIP = NO;
				DEBUG_INFORMATION_FORMAT = "dwarf-with-dsym";
				ENABLE_STRICT_OBJC_MSGSEND = YES;
				ENABLE_TESTABILITY = YES;
				GCC_C_LANGUAGE_STANDARD = gnu11;
				GCC_DYNAMIC_NO_PIC = NO;
				GCC_NO_COMMON_BLOCKS = YES;
				GCC_OPTIMIZATION_LEVEL = 0;
				GCC_PREPROCESSOR_DEFINITIONS = (
					"DEBUG=1",
					"$(inherited)",
				);
				GCC_WARN_64_TO_32_BIT_CONVERSION = YES;
				GCC_WARN_ABOUT_RETURN_TYPE = YES_ERROR;
				GCC_WARN_UNDECLARED_SELECTOR = YES;
				GCC_WARN_UNINITIALIZED_AUTOS = YES_AGGRESSIVE;
				GCC_WARN_UNUSED_FUNCTION = YES;
				GCC_WARN_UNUSED_VARIABLE = YES;
				IPHONEOS_DEPLOYMENT_TARGET = 14.1;
				MTL_ENABLE_DEBUG_INFO = INCLUDE_SOURCE;
				MTL_FAST_MATH = YES;
				ONLY_ACTIVE_ARCH = YES;
				SDKROOT = iphoneos;
				SWIFT_ACTIVE_COMPILATION_CONDITIONS = DEBUG;
				SWIFT_OPTIMIZATION_LEVEL = "-Onone";
			};
			name = Debug;
		};
		7555FFA4242A565B00829871 /* Release */ = {
			isa = XCBuildConfiguration;
			buildSettings = {
				ALWAYS_SEARCH_USER_PATHS = NO;
				CLANG_ANALYZER_NONNULL = YES;
				CLANG_ANALYZER_NUMBER_OBJECT_CONVERSION = YES_AGGRESSIVE;
				CLANG_CXX_LANGUAGE_STANDARD = "gnu++14";
				CLANG_CXX_LIBRARY = "libc++";
				CLANG_ENABLE_MODULES = YES;
				CLANG_ENABLE_OBJC_ARC = YES;
				CLANG_ENABLE_OBJC_WEAK = YES;
				CLANG_WARN_BLOCK_CAPTURE_AUTORELEASING = YES;
				CLANG_WARN_BOOL_CONVERSION = YES;
				CLANG_WARN_COMMA = YES;
				CLANG_WARN_CONSTANT_CONVERSION = YES;
				CLANG_WARN_DEPRECATED_OBJC_IMPLEMENTATIONS = YES;
				CLANG_WARN_DIRECT_OBJC_ISA_USAGE = YES_ERROR;
				CLANG_WARN_DOCUMENTATION_COMMENTS = YES;
				CLANG_WARN_EMPTY_BODY = YES;
				CLANG_WARN_ENUM_CONVERSION = YES;
				CLANG_WARN_INFINITE_RECURSION = YES;
				CLANG_WARN_INT_CONVERSION = YES;
				CLANG_WARN_NON_LITERAL_NULL_CONVERSION = YES;
				CLANG_WARN_OBJC_IMPLICIT_RETAIN_SELF = YES;
				CLANG_WARN_OBJC_LITERAL_CONVERSION = YES;
				CLANG_WARN_OBJC_ROOT_CLASS = YES_ERROR;
				CLANG_WARN_QUOTED_INCLUDE_IN_FRAMEWORK_HEADER = YES;
				CLANG_WARN_RANGE_LOOP_ANALYSIS = YES;
				CLANG_WARN_STRICT_PROTOTYPES = YES;
				CLANG_WARN_SUSPICIOUS_MOVE = YES;
				CLANG_WARN_UNGUARDED_AVAILABILITY = YES_AGGRESSIVE;
				CLANG_WARN_UNREACHABLE_CODE = YES;
				CLANG_WARN__DUPLICATE_METHOD_MATCH = YES;
				COPY_PHASE_STRIP = NO;
				DEBUG_INFORMATION_FORMAT = "dwarf-with-dsym";
				ENABLE_NS_ASSERTIONS = NO;
				ENABLE_STRICT_OBJC_MSGSEND = YES;
				GCC_C_LANGUAGE_STANDARD = gnu11;
				GCC_NO_COMMON_BLOCKS = YES;
				GCC_WARN_64_TO_32_BIT_CONVERSION = YES;
				GCC_WARN_ABOUT_RETURN_TYPE = YES_ERROR;
				GCC_WARN_UNDECLARED_SELECTOR = YES;
				GCC_WARN_UNINITIALIZED_AUTOS = YES_AGGRESSIVE;
				GCC_WARN_UNUSED_FUNCTION = YES;
				GCC_WARN_UNUSED_VARIABLE = YES;
				IPHONEOS_DEPLOYMENT_TARGET = 14.1;
				MTL_ENABLE_DEBUG_INFO = NO;
				MTL_FAST_MATH = YES;
				SDKROOT = iphoneos;
				SWIFT_COMPILATION_MODE = wholemodule;
				SWIFT_OPTIMIZATION_LEVEL = "-O";
				VALIDATE_PRODUCT = YES;
			};
			name = Release;
		};
		7555FFA6242A565B00829871 /* Debug */ = {
			isa = XCBuildConfiguration;
			baseConfigurationReference = 5948506D71056389E291C658 /* Pods-iOS-app.debug.xcconfig */;
			buildSettings = {
				ASSETCATALOG_COMPILER_APPICON_NAME = AppIcon;
				CODE_SIGN_STYLE = Automatic;
				DEVELOPMENT_ASSET_PATHS = "\"iOS-app/Preview Content\"";
				DEVELOPMENT_TEAM = R95398254G;
				ENABLE_PREVIEWS = YES;
				INFOPLIST_FILE = "iOS-app/Supporting Files/Info.plist";
				LD_RUNPATH_SEARCH_PATHS = (
					"$(inherited)",
					"@executable_path/Frameworks",
				);
				PRODUCT_BUNDLE_IDENTIFIER = "orgIdentifier.iOS-app";
				PRODUCT_NAME = "$(TARGET_NAME)";
				SWIFT_VERSION = 5.0;
				TARGETED_DEVICE_FAMILY = "1,2";
			};
			name = Debug;
		};
		7555FFA7242A565B00829871 /* Release */ = {
			isa = XCBuildConfiguration;
			baseConfigurationReference = 85301876C294EC7E2B8602E1 /* Pods-iOS-app.release.xcconfig */;
			buildSettings = {
				ASSETCATALOG_COMPILER_APPICON_NAME = AppIcon;
				CODE_SIGN_STYLE = Automatic;
				DEVELOPMENT_ASSET_PATHS = "\"iOS-app/Preview Content\"";
				DEVELOPMENT_TEAM = R95398254G;
				ENABLE_PREVIEWS = YES;
				INFOPLIST_FILE = "iOS-app/Supporting Files/Info.plist";
				LD_RUNPATH_SEARCH_PATHS = (
					"$(inherited)",
					"@executable_path/Frameworks",
				);
				PRODUCT_BUNDLE_IDENTIFIER = "orgIdentifier.iOS-app";
				PRODUCT_NAME = "$(TARGET_NAME)";
				SWIFT_VERSION = 5.0;
				TARGETED_DEVICE_FAMILY = "1,2";
			};
			name = Release;
		};
/* End XCBuildConfiguration section */

/* Begin XCConfigurationList section */
		7555FF76242A565900829871 /* Build configuration list for PBXProject "iOS-app" */ = {
			isa = XCConfigurationList;
			buildConfigurations = (
				7555FFA3242A565B00829871 /* Debug */,
				7555FFA4242A565B00829871 /* Release */,
			);
			defaultConfigurationIsVisible = 0;
			defaultConfigurationName = Release;
		};
		7555FFA5242A565B00829871 /* Build configuration list for PBXNativeTarget "iOS-app" */ = {
			isa = XCConfigurationList;
			buildConfigurations = (
				7555FFA6242A565B00829871 /* Debug */,
				7555FFA7242A565B00829871 /* Release */,
			);
			defaultConfigurationIsVisible = 0;
			defaultConfigurationName = Release;
		};
/* End XCConfigurationList section */
	};
	rootObject = 7555FF73242A565900829871 /* Project object */;
}
